
Microsoft Visual Studio Solution File, Format Version 12.00
# Visual Studio Version 17
VisualStudioVersion = 17.7.34031.279
MinimumVisualStudioVersion = 10.0.40219.1
Project("{9092AA53-FB77-4645-B42D-1CCCA6BD08BD}") = "HOMEWORK 9", "HOMEWORK 9.njsproj", "{72E6561F-02CB-4D4F-817B-C7AE1AFF8F26}"
EndProject
Global
	GlobalSection(SolutionConfigurationPlatforms) = preSolution
		Debug|Any CPU = Debug|Any CPU
		Release|Any CPU = Release|Any CPU
	EndGlobalSection
	GlobalSection(ProjectConfigurationPlatforms) = postSolution
		{72E6561F-02CB-4D4F-817B-C7AE1AFF8F26}.Debug|Any CPU.ActiveCfg = Debug|Any CPU
		{72E6561F-02CB-4D4F-817B-C7AE1AFF8F26}.Debug|Any CPU.Build.0 = Debug|Any CPU
		{72E6561F-02CB-4D4F-817B-C7AE1AFF8F26}.Release|Any CPU.ActiveCfg = Release|Any CPU
		{72E6561F-02CB-4D4F-817B-C7AE1AFF8F26}.Release|Any CPU.Build.0 = Release|Any CPU
	EndGlobalSection
	GlobalSection(SolutionProperties) = preSolution
		HideSolutionNode = FALSE
	EndGlobalSection
	GlobalSection(ExtensibilityGlobals) = postSolution
		SolutionGuid = {C39AA2A6-9646-4D15-841F-F5026409D382}
	EndGlobalSection
EndGlobal
